
Microsoft Visual Studio Solution File, Format Version 12.00
# Visual Studio Version 17
VisualStudioVersion = 17.4.33205.214
MinimumVisualStudioVersion = 10.0.40219.1
Project("{FAE04EC0-301F-11D3-BF4B-00C04F79EFBC}") = "myGuid", "AAT\myGuid.csproj", "{6C4B2D41-BA83-404F-8A5C-BD919EB299A9}"
EndProject
Project("{FAE04EC0-301F-11D3-BF4B-00C04F79EFBC}") = "TypeOfAndNameOf", "TypeOfAndNameOf\TypeOfAndNameOf.csproj", "{EF01BCFF-03CA-4533-B156-F47AAC5F6A8D}"
EndProject
Project("{FAE04EC0-301F-11D3-BF4B-00C04F79EFBC}") = "TryDic", "TryDic\TryDic.csproj", "{A1BEDF8F-8E23-48A3-87A9-96E1D440330E}"
EndProject
Project("{FAE04EC0-301F-11D3-BF4B-00C04F79EFBC}") = "TT", "TT\TT.csproj", "{86AA4577-66EF-414C-BED2-FF23AA70BA6D}"
EndProject
Project("{9A19103F-16F7-4668-BE54-9A1E7A4F7556}") = "webTest", "webTest\webTest.csproj", "{AB54EDD2-0DD2-4DE8-8E60-6766060C8F10}"
EndProject
Project("{FAE04EC0-301F-11D3-BF4B-00C04F79EFBC}") = "ExceptionTest", "ExceptionTest\ExceptionTest.csproj", "{10056DF5-3C8B-45EC-B54B-545D3F6B5D38}"
EndProject
Global
	GlobalSection(SolutionConfigurationPlatforms) = preSolution
		Debug|Any CPU = Debug|Any CPU
		Release|Any CPU = Release|Any CPU
	EndGlobalSection
	GlobalSection(ProjectConfigurationPlatforms) = postSolution
		{6C4B2D41-BA83-404F-8A5C-BD919EB299A9}.Debug|Any CPU.ActiveCfg = Debug|Any CPU
		{6C4B2D41-BA83-404F-8A5C-BD919EB299A9}.Debug|Any CPU.Build.0 = Debug|Any CPU
		{6C4B2D41-BA83-404F-8A5C-BD919EB299A9}.Release|Any CPU.ActiveCfg = Release|Any CPU
		{6C4B2D41-BA83-404F-8A5C-BD919EB299A9}.Release|Any CPU.Build.0 = Release|Any CPU
		{EF01BCFF-03CA-4533-B156-F47AAC5F6A8D}.Debug|Any CPU.ActiveCfg = Debug|Any CPU
		{EF01BCFF-03CA-4533-B156-F47AAC5F6A8D}.Debug|Any CPU.Build.0 = Debug|Any CPU
		{EF01BCFF-03CA-4533-B156-F47AAC5F6A8D}.Release|Any CPU.ActiveCfg = Release|Any CPU
		{EF01BCFF-03CA-4533-B156-F47AAC5F6A8D}.Release|Any CPU.Build.0 = Release|Any CPU
		{A1BEDF8F-8E23-48A3-87A9-96E1D440330E}.Debug|Any CPU.ActiveCfg = Debug|Any CPU
		{A1BEDF8F-8E23-48A3-87A9-96E1D440330E}.Debug|Any CPU.Build.0 = Debug|Any CPU
		{A1BEDF8F-8E23-48A3-87A9-96E1D440330E}.Release|Any CPU.ActiveCfg = Release|Any CPU
		{A1BEDF8F-8E23-48A3-87A9-96E1D440330E}.Release|Any CPU.Build.0 = Release|Any CPU
		{86AA4577-66EF-414C-BED2-FF23AA70BA6D}.Debug|Any CPU.ActiveCfg = Debug|Any CPU
		{86AA4577-66EF-414C-BED2-FF23AA70BA6D}.Debug|Any CPU.Build.0 = Debug|Any CPU
		{86AA4577-66EF-414C-BED2-FF23AA70BA6D}.Release|Any CPU.ActiveCfg = Release|Any CPU
		{86AA4577-66EF-414C-BED2-FF23AA70BA6D}.Release|Any CPU.Build.0 = Release|Any CPU
		{AB54EDD2-0DD2-4DE8-8E60-6766060C8F10}.Debug|Any CPU.ActiveCfg = Debug|Any CPU
		{AB54EDD2-0DD2-4DE8-8E60-6766060C8F10}.Debug|Any CPU.Build.0 = Debug|Any CPU
		{AB54EDD2-0DD2-4DE8-8E60-6766060C8F10}.Release|Any CPU.ActiveCfg = Release|Any CPU
		{AB54EDD2-0DD2-4DE8-8E60-6766060C8F10}.Release|Any CPU.Build.0 = Release|Any CPU
		{10056DF5-3C8B-45EC-B54B-545D3F6B5D38}.Debug|Any CPU.ActiveCfg = Debug|Any CPU
		{10056DF5-3C8B-45EC-B54B-545D3F6B5D38}.Debug|Any CPU.Build.0 = Debug|Any CPU
		{10056DF5-3C8B-45EC-B54B-545D3F6B5D38}.Release|Any CPU.ActiveCfg = Release|Any CPU
		{10056DF5-3C8B-45EC-B54B-545D3F6B5D38}.Release|Any CPU.Build.0 = Release|Any CPU
	EndGlobalSection
	GlobalSection(SolutionProperties) = preSolution
		HideSolutionNode = FALSE
	EndGlobalSection
	GlobalSection(ExtensibilityGlobals) = postSolution
		SolutionGuid = {EA3E8F45-2DC4-4DD9-8C21-BF69D87B0BC4}
	EndGlobalSection
EndGlobal
